// !$*UTF8*$!
{
	archiveVersion = 1;
	classes = {
	};
	objectVersion = 50;
	objects = {

/* Begin PBXBuildFile section */
		840FFFAE25B1968900CC89CF /* AppDelegate.swift in Sources */ = {isa = PBXBuildFile; fileRef = 840FFFAD25B1968900CC89CF /* AppDelegate.swift */; };
		840FFFB025B1968900CC89CF /* SceneDelegate.swift in Sources */ = {isa = PBXBuildFile; fileRef = 840FFFAF25B1968900CC89CF /* SceneDelegate.swift */; };
		840FFFB225B1968900CC89CF /* ViewController.swift in Sources */ = {isa = PBXBuildFile; fileRef = 840FFFB125B1968900CC89CF /* ViewController.swift */; };
		840FFFB525B1968900CC89CF /* Main.storyboard in Resources */ = {isa = PBXBuildFile; fileRef = 840FFFB325B1968900CC89CF /* Main.storyboard */; };
		840FFFB725B1968A00CC89CF /* Assets.xcassets in Resources */ = {isa = PBXBuildFile; fileRef = 840FFFB625B1968A00CC89CF /* Assets.xcassets */; };
		840FFFBA25B1968A00CC89CF /* LaunchScreen.storyboard in Resources */ = {isa = PBXBuildFile; fileRef = 840FFFB825B1968A00CC89CF /* LaunchScreen.storyboard */; };
		840FFFC525B19A5D00CC89CF /* MyCollectionViewCell.swift in Sources */ = {isa = PBXBuildFile; fileRef = 840FFFC325B19A5D00CC89CF /* MyCollectionViewCell.swift */; };
		840FFFC625B19A5D00CC89CF /* MyCollectionViewCell.xib in Resources */ = {isa = PBXBuildFile; fileRef = 840FFFC425B19A5D00CC89CF /* MyCollectionViewCell.xib */; };
		840FFFCA25B1A3AB00CC89CF /* Mappable.swift in Sources */ = {isa = PBXBuildFile; fileRef = 840FFFC925B1A3AB00CC89CF /* Mappable.swift */; };
		840FFFCD25B1A48100CC89CF /* Pokemon.swift in Sources */ = {isa = PBXBuildFile; fileRef = 840FFFCC25B1A48100CC89CF /* Pokemon.swift */; };
		840FFFD425B1A50E00CC89CF /* Sprite.swift in Sources */ = {isa = PBXBuildFile; fileRef = 840FFFD325B1A50E00CC89CF /* Sprite.swift */; };
		840FFFD725B1A73800CC89CF /* Connection.swift in Sources */ = {isa = PBXBuildFile; fileRef = 840FFFD625B1A73800CC89CF /* Connection.swift */; };
		840FFFDA25B2237500CC89CF /* DetailViewController.swift in Sources */ = {isa = PBXBuildFile; fileRef = 840FFFD925B2237500CC89CF /* DetailViewController.swift */; };
/* End PBXBuildFile section */

/* Begin PBXFileReference section */
		840FFFAA25B1968900CC89CF /* CollectionView.app */ = {isa = PBXFileReference; explicitFileType = wrapper.application; includeInIndex = 0; path = CollectionView.app; sourceTree = BUILT_PRODUCTS_DIR; };
		840FFFAD25B1968900CC89CF /* AppDelegate.swift */ = {isa = PBXFileReference; lastKnownFileType = sourcecode.swift; path = AppDelegate.swift; sourceTree = "<group>"; };
		840FFFAF25B1968900CC89CF /* SceneDelegate.swift */ = {isa = PBXFileReference; lastKnownFileType = sourcecode.swift; path = SceneDelegate.swift; sourceTree = "<group>"; };
		840FFFB125B1968900CC89CF /* ViewController.swift */ = {isa = PBXFileReference; lastKnownFileType = sourcecode.swift; path = ViewController.swift; sourceTree = "<group>"; };
		840FFFB425B1968900CC89CF /* Base */ = {isa = PBXFileReference; lastKnownFileType = file.storyboard; name = Base; path = Base.lproj/Main.storyboard; sourceTree = "<group>"; };
		840FFFB625B1968A00CC89CF /* Assets.xcassets */ = {isa = PBXFileReference; lastKnownFileType = folder.assetcatalog; path = Assets.xcassets; sourceTree = "<group>"; };
		840FFFB925B1968A00CC89CF /* Base */ = {isa = PBXFileReference; lastKnownFileType = file.storyboard; name = Base; path = Base.lproj/LaunchScreen.storyboard; sourceTree = "<group>"; };
		840FFFBB25B1968A00CC89CF /* Info.plist */ = {isa = PBXFileReference; lastKnownFileType = text.plist.xml; path = Info.plist; sourceTree = "<group>"; };
		840FFFC325B19A5D00CC89CF /* MyCollectionViewCell.swift */ = {isa = PBXFileReference; lastKnownFileType = sourcecode.swift; path = MyCollectionViewCell.swift; sourceTree = "<group>"; };
		840FFFC425B19A5D00CC89CF /* MyCollectionViewCell.xib */ = {isa = PBXFileReference; lastKnownFileType = file.xib; path = MyCollectionViewCell.xib; sourceTree = "<group>"; };
		840FFFC925B1A3AB00CC89CF /* Mappable.swift */ = {isa = PBXFileReference; lastKnownFileType = sourcecode.swift; path = Mappable.swift; sourceTree = "<group>"; };
		840FFFCC25B1A48100CC89CF /* Pokemon.swift */ = {isa = PBXFileReference; lastKnownFileType = sourcecode.swift; path = Pokemon.swift; sourceTree = "<group>"; };
		840FFFD325B1A50E00CC89CF /* Sprite.swift */ = {isa = PBXFileReference; lastKnownFileType = sourcecode.swift; path = Sprite.swift; sourceTree = "<group>"; };
		840FFFD625B1A73800CC89CF /* Connection.swift */ = {isa = PBXFileReference; lastKnownFileType = sourcecode.swift; path = Connection.swift; sourceTree = "<group>"; };
		840FFFD925B2237500CC89CF /* DetailViewController.swift */ = {isa = PBXFileReference; lastKnownFileType = sourcecode.swift; path = DetailViewController.swift; sourceTree = "<group>"; };
/* End PBXFileReference section */

/* Begin PBXFrameworksBuildPhase section */
		840FFFA725B1968900CC89CF /* Frameworks */ = {
			isa = PBXFrameworksBuildPhase;
			buildActionMask = 2147483647;
			files = (
			);
			runOnlyForDeploymentPostprocessing = 0;
		};
/* End PBXFrameworksBuildPhase section */

/* Begin PBXGroup section */
		840FFFA125B1968900CC89CF = {
			isa = PBXGroup;
			children = (
				840FFFAC25B1968900CC89CF /* CollectionView */,
				840FFFAB25B1968900CC89CF /* Products */,
			);
			sourceTree = "<group>";
		};
		840FFFAB25B1968900CC89CF /* Products */ = {
			isa = PBXGroup;
			children = (
				840FFFAA25B1968900CC89CF /* CollectionView.app */,
			);
			name = Products;
			sourceTree = "<group>";
		};
		840FFFAC25B1968900CC89CF /* CollectionView */ = {
			isa = PBXGroup;
			children = (
				840FFFAD25B1968900CC89CF /* AppDelegate.swift */,
				840FFFAF25B1968900CC89CF /* SceneDelegate.swift */,
				840FFFB125B1968900CC89CF /* ViewController.swift */,
				840FFFC925B1A3AB00CC89CF /* Mappable.swift */,
				840FFFCC25B1A48100CC89CF /* Pokemon.swift */,
				840FFFD625B1A73800CC89CF /* Connection.swift */,
				840FFFD325B1A50E00CC89CF /* Sprite.swift */,
				840FFFB325B1968900CC89CF /* Main.storyboard */,
				840FFFD925B2237500CC89CF /* DetailViewController.swift */,
				840FFFB625B1968A00CC89CF /* Assets.xcassets */,
				840FFFB825B1968A00CC89CF /* LaunchScreen.storyboard */,
				840FFFBB25B1968A00CC89CF /* Info.plist */,
				840FFFC325B19A5D00CC89CF /* MyCollectionViewCell.swift */,
				840FFFC425B19A5D00CC89CF /* MyCollectionViewCell.xib */,
			);
			path = CollectionView;
			sourceTree = "<group>";
		};
/* End PBXGroup section */

/* Begin PBXNativeTarget section */
		840FFFA925B1968900CC89CF /* CollectionView */ = {
			isa = PBXNativeTarget;
			buildConfigurationList = 840FFFBE25B1968A00CC89CF /* Build configuration list for PBXNativeTarget "CollectionView" */;
			buildPhases = (
				840FFFA625B1968900CC89CF /* Sources */,
				840FFFA725B1968900CC89CF /* Frameworks */,
				840FFFA825B1968900CC89CF /* Resources */,
			);
			buildRules = (
			);
			dependencies = (
			);
			name = CollectionView;
			productName = CollectionView;
			productReference = 840FFFAA25B1968900CC89CF /* CollectionView.app */;
			productType = "com.apple.product-type.application";
		};
/* End PBXNativeTarget section */

/* Begin PBXProject section */
		840FFFA225B1968900CC89CF /* Project object */ = {
			isa = PBXProject;
			attributes = {
				LastSwiftUpdateCheck = 1230;
				LastUpgradeCheck = 1230;
				TargetAttributes = {
					840FFFA925B1968900CC89CF = {
						CreatedOnToolsVersion = 12.3;
					};
				};
			};
			buildConfigurationList = 840FFFA525B1968900CC89CF /* Build configuration list for PBXProject "CollectionView" */;
			compatibilityVersion = "Xcode 9.3";
			developmentRegion = en;
			hasScannedForEncodings = 0;
			knownRegions = (
				en,
				Base,
			);
			mainGroup = 840FFFA125B1968900CC89CF;
			productRefGroup = 840FFFAB25B1968900CC89CF /* Products */;
			projectDirPath = "";
			projectRoot = "";
			targets = (
				840FFFA925B1968900CC89CF /* CollectionView */,
			);
		};
/* End PBXProject section */

/* Begin PBXResourcesBuildPhase section */
		840FFFA825B1968900CC89CF /* Resources */ = {
			isa = PBXResourcesBuildPhase;
			buildActionMask = 2147483647;
			files = (
				840FFFBA25B1968A00CC89CF /* LaunchScreen.storyboard in Resources */,
				840FFFB725B1968A00CC89CF /* Assets.xcassets in Resources */,
				840FFFC625B19A5D00CC89CF /* MyCollectionViewCell.xib in Resources */,
				840FFFB525B1968900CC89CF /* Main.storyboard in Resources */,
			);
			runOnlyForDeploymentPostprocessing = 0;
		};
/* End PBXResourcesBuildPhase section */

/* Begin PBXSourcesBuildPhase section */
		840FFFA625B1968900CC89CF /* Sources */ = {
			isa = PBXSourcesBuildPhase;
			buildActionMask = 2147483647;
			files = (
				840FFFDA25B2237500CC89CF /* DetailViewController.swift in Sources */,
				840FFFB225B1968900CC89CF /* ViewController.swift in Sources */,
				840FFFCA25B1A3AB00CC89CF /* Mappable.swift in Sources */,
				840FFFAE25B1968900CC89CF /* AppDelegate.swift in Sources */,
				840FFFD725B1A73800CC89CF /* Connection.swift in Sources */,
				840FFFC525B19A5D00CC89CF /* MyCollectionViewCell.swift in Sources */,
				840FFFD425B1A50E00CC89CF /* Sprite.swift in Sources */,
				840FFFB025B1968900CC89CF /* SceneDelegate.swift in Sources */,
				840FFFCD25B1A48100CC89CF /* Pokemon.swift in Sources */,
			);
			runOnlyForDeploymentPostprocessing = 0;
		};
/* End PBXSourcesBuildPhase section */

/* Begin PBXVariantGroup section */
		840FFFB325B1968900CC89CF /* Main.storyboard */ = {
			isa = PBXVariantGroup;
			children = (
				840FFFB425B1968900CC89CF /* Base */,
			);
			name = Main.storyboard;
			sourceTree = "<group>";
		};
		840FFFB825B1968A00CC89CF /* LaunchScreen.storyboard */ = {
			isa = PBXVariantGroup;
			children = (
				840FFFB925B1968A00CC89CF /* Base */,
			);
			name = LaunchScreen.storyboard;
			sourceTree = "<group>";
		};
/* End PBXVariantGroup section */

/* Begin XCBuildConfiguration section */
		840FFFBC25B1968A00CC89CF /* Debug */ = {
			isa = XCBuildConfiguration;
			buildSettings = {
				ALWAYS_SEARCH_USER_PATHS = NO;
				CLANG_ANALYZER_NONNULL = YES;
				CLANG_ANALYZER_NUMBER_OBJECT_CONVERSION = YES_AGGRESSIVE;
				CLANG_CXX_LANGUAGE_STANDARD = "gnu++14";
				CLANG_CXX_LIBRARY = "libc++";
				CLANG_ENABLE_MODULES = YES;
				CLANG_ENABLE_OBJC_ARC = YES;
				CLANG_ENABLE_OBJC_WEAK = YES;
				CLANG_WARN_BLOCK_CAPTURE_AUTORELEASING = YES;
				CLANG_WARN_BOOL_CONVERSION = YES;
				CLANG_WARN_COMMA = YES;
				CLANG_WARN_CONSTANT_CONVERSION = YES;
				CLANG_WARN_DEPRECATED_OBJC_IMPLEMENTATIONS = YES;
				CLANG_WARN_DIRECT_OBJC_ISA_USAGE = YES_ERROR;
				CLANG_WARN_DOCUMENTATION_COMMENTS = YES;
				CLANG_WARN_EMPTY_BODY = YES;
				CLANG_WARN_ENUM_CONVERSION = YES;
				CLANG_WARN_INFINITE_RECURSION = YES;
				CLANG_WARN_INT_CONVERSION = YES;
				CLANG_WARN_NON_LITERAL_NULL_CONVERSION = YES;
				CLANG_WARN_OBJC_IMPLICIT_RETAIN_SELF = YES;
				CLANG_WARN_OBJC_LITERAL_CONVERSION = YES;
				CLANG_WARN_OBJC_ROOT_CLASS = YES_ERROR;
				CLANG_WARN_QUOTED_INCLUDE_IN_FRAMEWORK_HEADER = YES;
				CLANG_WARN_RANGE_LOOP_ANALYSIS = YES;
				CLANG_WARN_STRICT_PROTOTYPES = YES;
				CLANG_WARN_SUSPICIOUS_MOVE = YES;
				CLANG_WARN_UNGUARDED_AVAILABILITY = YES_AGGRESSIVE;
				CLANG_WARN_UNREACHABLE_CODE = YES;
				CLANG_WARN__DUPLICATE_METHOD_MATCH = YES;
				COPY_PHASE_STRIP = NO;
				DEBUG_INFORMATION_FORMAT = dwarf;
				ENABLE_STRICT_OBJC_MSGSEND = YES;
				ENABLE_TESTABILITY = YES;
				GCC_C_LANGUAGE_STANDARD = gnu11;
				GCC_DYNAMIC_NO_PIC = NO;
				GCC_NO_COMMON_BLOCKS = YES;
				GCC_OPTIMIZATION_LEVEL = 0;
				GCC_PREPROCESSOR_DEFINITIONS = (
					"DEBUG=1",
					"$(inherited)",
				);
				GCC_WARN_64_TO_32_BIT_CONVERSION = YES;
				GCC_WARN_ABOUT_RETURN_TYPE = YES_ERROR;
				GCC_WARN_UNDECLARED_SELECTOR = YES;
				GCC_WARN_UNINITIALIZED_AUTOS = YES_AGGRESSIVE;
				GCC_WARN_UNUSED_FUNCTION = YES;
				GCC_WARN_UNUSED_VARIABLE = YES;
				IPHONEOS_DEPLOYMENT_TARGET = 14.3;
				MTL_ENABLE_DEBUG_INFO = INCLUDE_SOURCE;
				MTL_FAST_MATH = YES;
				ONLY_ACTIVE_ARCH = YES;
				SDKROOT = iphoneos;
				SWIFT_ACTIVE_COMPILATION_CONDITIONS = DEBUG;
				SWIFT_OPTIMIZATION_LEVEL = "-Onone";
			};
			name = Debug;
		};
		840FFFBD25B1968A00CC89CF /* Release */ = {
			isa = XCBuildConfiguration;
			buildSettings = {
				ALWAYS_SEARCH_USER_PATHS = NO;
				CLANG_ANALYZER_NONNULL = YES;
				CLANG_ANALYZER_NUMBER_OBJECT_CONVERSION = YES_AGGRESSIVE;
				CLANG_CXX_LANGUAGE_STANDARD = "gnu++14";
				CLANG_CXX_LIBRARY = "libc++";
				CLANG_ENABLE_MODULES = YES;
				CLANG_ENABLE_OBJC_ARC = YES;
				CLANG_ENABLE_OBJC_WEAK = YES;
				CLANG_WARN_BLOCK_CAPTURE_AUTORELEASING = YES;
				CLANG_WARN_BOOL_CONVERSION = YES;
				CLANG_WARN_COMMA = YES;
				CLANG_WARN_CONSTANT_CONVERSION = YES;
				CLANG_WARN_DEPRECATED_OBJC_IMPLEMENTATIONS = YES;
				CLANG_WARN_DIRECT_OBJC_ISA_USAGE = YES_ERROR;
				CLANG_WARN_DOCUMENTATION_COMMENTS = YES;
				CLANG_WARN_EMPTY_BODY = YES;
				CLANG_WARN_ENUM_CONVERSION = YES;
				CLANG_WARN_INFINITE_RECURSION = YES;
				CLANG_WARN_INT_CONVERSION = YES;
				CLANG_WARN_NON_LITERAL_NULL_CONVERSION = YES;
				CLANG_WARN_OBJC_IMPLICIT_RETAIN_SELF = YES;
				CLANG_WARN_OBJC_LITERAL_CONVERSION = YES;
				CLANG_WARN_OBJC_ROOT_CLASS = YES_ERROR;
				CLANG_WARN_QUOTED_INCLUDE_IN_FRAMEWORK_HEADER = YES;
				CLANG_WARN_RANGE_LOOP_ANALYSIS = YES;
				CLANG_WARN_STRICT_PROTOTYPES = YES;
				CLANG_WARN_SUSPICIOUS_MOVE = YES;
				CLANG_WARN_UNGUARDED_AVAILABILITY = YES_AGGRESSIVE;
				CLANG_WARN_UNREACHABLE_CODE = YES;
				CLANG_WARN__DUPLICATE_METHOD_MATCH = YES;
				COPY_PHASE_STRIP = NO;
				DEBUG_INFORMATION_FORMAT = "dwarf-with-dsym";
				ENABLE_NS_ASSERTIONS = NO;
				ENABLE_STRICT_OBJC_MSGSEND = YES;
				GCC_C_LANGUAGE_STANDARD = gnu11;
				GCC_NO_COMMON_BLOCKS = YES;
				GCC_WARN_64_TO_32_BIT_CONVERSION = YES;
				GCC_WARN_ABOUT_RETURN_TYPE = YES_ERROR;
				GCC_WARN_UNDECLARED_SELECTOR = YES;
				GCC_WARN_UNINITIALIZED_AUTOS = YES_AGGRESSIVE;
				GCC_WARN_UNUSED_FUNCTION = YES;
				GCC_WARN_UNUSED_VARIABLE = YES;
				IPHONEOS_DEPLOYMENT_TARGET = 14.3;
				MTL_ENABLE_DEBUG_INFO = NO;
				MTL_FAST_MATH = YES;
				SDKROOT = iphoneos;
				SWIFT_COMPILATION_MODE = wholemodule;
				SWIFT_OPTIMIZATION_LEVEL = "-O";
				VALIDATE_PRODUCT = YES;
			};
			name = Release;
		};
		840FFFBF25B1968A00CC89CF /* Debug */ = {
			isa = XCBuildConfiguration;
			buildSettings = {
				ASSETCATALOG_COMPILER_APPICON_NAME = AppIcon;
				ASSETCATALOG_COMPILER_GLOBAL_ACCENT_COLOR_NAME = AccentColor;
				CODE_SIGN_STYLE = Automatic;
				INFOPLIST_FILE = CollectionView/Info.plist;
				LD_RUNPATH_SEARCH_PATHS = (
					"$(inherited)",
					"@executable_path/Frameworks",
				);
				PRODUCT_BUNDLE_IDENTIFIER = Cev.CollectionView;
				PRODUCT_NAME = "$(TARGET_NAME)";
				SWIFT_VERSION = 5.0;
				TARGETED_DEVICE_FAMILY = "1,2";
			};
			name = Debug;
		};
		840FFFC025B1968A00CC89CF /* Release */ = {
			isa = XCBuildConfiguration;
			buildSettings = {
				ASSETCATALOG_COMPILER_APPICON_NAME = AppIcon;
				ASSETCATALOG_COMPILER_GLOBAL_ACCENT_COLOR_NAME = AccentColor;
				CODE_SIGN_STYLE = Automatic;
				INFOPLIST_FILE = CollectionView/Info.plist;
				LD_RUNPATH_SEARCH_PATHS = (
					"$(inherited)",
					"@executable_path/Frameworks",
				);
				PRODUCT_BUNDLE_IDENTIFIER = Cev.CollectionView;
				PRODUCT_NAME = "$(TARGET_NAME)";
				SWIFT_VERSION = 5.0;
				TARGETED_DEVICE_FAMILY = "1,2";
			};
			name = Release;
		};
/* End XCBuildConfiguration section */

/* Begin XCConfigurationList section */
		840FFFA525B1968900CC89CF /* Build configuration list for PBXProject "CollectionView" */ = {
			isa = XCConfigurationList;
			buildConfigurations = (
				840FFFBC25B1968A00CC89CF /* Debug */,
				840FFFBD25B1968A00CC89CF /* Release */,
			);
			defaultConfigurationIsVisible = 0;
			defaultConfigurationName = Release;
		};
		840FFFBE25B1968A00CC89CF /* Build configuration list for PBXNativeTarget "CollectionView" */ = {
			isa = XCConfigurationList;
			buildConfigurations = (
				840FFFBF25B1968A00CC89CF /* Debug */,
				840FFFC025B1968A00CC89CF /* Release */,
			);
			defaultConfigurationIsVisible = 0;
			defaultConfigurationName = Release;
		};
/* End XCConfigurationList section */
	};
	rootObject = 840FFFA225B1968900CC89CF /* Project object */;
}
